<?xml version="1.0" encoding="utf-8"?>
<Project ToolsVersion="4.0" xmlns="http://schemas.microsoft.com/developer/msbuild/2003">
  <ItemGroup>
    <Filter Include="Source Files">
      <UniqueIdentifier>{f50ab6f3-fe8c-418a-b9bf-b8a6e46bf1e2}</UniqueIdentifier>
      <Extensions>cpp;c;cxx;rc;def;r;odl;idl;hpj;bat</Extensions>
    </Filter>
    <Filter Include="Header Files">
      <UniqueIdentifier>{f9faf94d-562e-40af-b29a-ecd35a290b8f}</UniqueIdentifier>
      <Extensions>h;hpp;hxx;hm;inl</Extensions>
    </Filter>
    <Filter Include="Resource Files">
      <UniqueIdentifier>{56d3bf8b-c8e5-4f38-883b-764699b459f1}</UniqueIdentifier>
      <Extensions>ico;cur;bmp;dlg;rc2;rct;bin;rgs;gif;jpg;jpeg;jpe</Extensions>
    </Filter>
  </ItemGroup>
  <ItemGroup>
    <ClCompile Include="Gl_template1.c">
      <Filter>Source Files</Filter>
    </ClCompile>
    <ClCompile Include="Gl_template.cpp">
      <Filter>Source Files</Filter>
    </ClCompile>
    <ClCompile Include="LoaderVertexsFromFile.cpp">
      <Filter>Source Files</Filter>
    </ClCompile>
    <ClCompile Include="DemoLoadVertexsFromArray_1.cpp">
      <Filter>Source Files</Filter>
    </ClCompile>
  </ItemGroup>
  <ItemGroup>
    <ResourceCompile Include="RESOURCE.RC">
      <Filter>Source Files</Filter>
    </ResourceCompile>
  </ItemGroup>
  <ItemGroup>
    <ClInclude Include="RESOURCE.H">
      <Filter>Header Files</Filter>
    </ClInclude>
    <ClInclude Include="LoaderVertexsFromFile.h">
      <Filter>Header Files</Filter>
    </ClInclude>
    <ClInclude Include="DemoLoadVertexsFromArray_1.h">
      <Filter>Header Files</Filter>
    </ClInclude>
  </ItemGroup>
  <ItemGroup>
    <Image Include="..\Users\barte\Documents\Studia\AiR sm. 3 - materialy krzys\mater\krzys\V semestr\Wigry\grafika\packa - Copy\scianacegla.bmp">
      <Filter>Resource Files</Filter>
    </Image>
    <Image Include="..\Users\barte\Documents\Studia\AiR sm. 3 - materialy krzys\mater\krzys\V semestr\Wigry\grafika\packa - Copy\checker.bmp">
      <Filter>Resource Files</Filter>
    </Image>
    <Image Include="..\Users\barte\Documents\Studia\AiR sm. 3 - materialy krzys\mater\krzys\V semestr\Wigry\grafika\packa - Copy\crate.bmp">
      <Filter>Resource Files</Filter>
    </Image>
    <Image Include="..\Users\barte\Documents\Studia\AiR sm. 3 - materialy krzys\mater\krzys\V semestr\Wigry\grafika\packa - Copy\drzwi.bmp">
      <Filter>Resource Files</Filter>
    </Image>
    <Image Include="..\Users\barte\Documents\Studia\AiR sm. 3 - materialy krzys\mater\krzys\V semestr\Wigry\grafika\packa - Copy\GRASS.BMP">
      <Filter>Resource Files</Filter>
    </Image>
    <Image Include="..\Users\barte\Documents\Studia\AiR sm. 3 - materialy krzys\mater\krzys\V semestr\Wigry\grafika\packa - Copy\NAPIS.bmp">
      <Filter>Resource Files</Filter>
    </Image>
    <Image Include="..\Users\barte\Documents\Studia\AiR sm. 3 - materialy krzys\mater\krzys\V semestr\Wigry\grafika\packa - Copy\okno.bmp">
      <Filter>Resource Files</Filter>
    </Image>
    <Image Include="..\Users\barte\Documents\Studia\AiR sm. 3 - materialy krzys\mater\krzys\V semestr\Wigry\grafika\packa - Copy\plytki.bmp">
      <Filter>Resource Files</Filter>
    </Image>
  </ItemGroup>
  <ItemGroup>
    <Text Include="Faces.txt" />
    <Text Include="Vertex.txt" />
    <Text Include="FacesBlender.txt" />
    <Text Include="VertexBlender.txt" />
    <Text Include="ROBOT1Faces.txt" />
    <Text Include="ROBOT1Vertex.txt" />
    <Text Include="ROBOT2Faces.txt" />
    <Text Include="ROBOT2Vertex.txt" />
    <Text Include="ROBOT3Faces.txt" />
    <Text Include="ROBOT3Vertex.txt" />
    <Text Include="ROBOT4Faces.txt" />
    <Text Include="ROBOT4Vertex.txt" />
    <Text Include="ROBOT5Faces.txt" />
    <Text Include="ROBOT5Vertex.txt" />
  </ItemGroup>
</Project>